
Microsoft Visual Studio Solution File, Format Version 12.00
# Visual Studio Version 16
VisualStudioVersion = 16.0.33927.289
MinimumVisualStudioVersion = 10.0.40219.1
Project("{FAE04EC0-301F-11D3-BF4B-00C04F79EFBC}") = "СoderMan", "СoderMan\СoderMan.csproj", "{676DA64A-5A33-49E7-96DF-62528B3E5975}"
EndProject
Global
	GlobalSection(SolutionConfigurationPlatforms) = preSolution
		Debug|Any CPU = Debug|Any CPU
		Release|Any CPU = Release|Any CPU
	EndGlobalSection
	GlobalSection(ProjectConfigurationPlatforms) = postSolution
		{676DA64A-5A33-49E7-96DF-62528B3E5975}.Debug|Any CPU.ActiveCfg = Debug|Any CPU
		{676DA64A-5A33-49E7-96DF-62528B3E5975}.Debug|Any CPU.Build.0 = Debug|Any CPU
		{676DA64A-5A33-49E7-96DF-62528B3E5975}.Release|Any CPU.ActiveCfg = Release|Any CPU
		{676DA64A-5A33-49E7-96DF-62528B3E5975}.Release|Any CPU.Build.0 = Release|Any CPU
	EndGlobalSection
	GlobalSection(SolutionProperties) = preSolution
		HideSolutionNode = FALSE
	EndGlobalSection
	GlobalSection(ExtensibilityGlobals) = postSolution
		SolutionGuid = {BF60E86E-1369-484E-8402-B9547AAAC57D}
	EndGlobalSection
EndGlobal
